
Microsoft Visual Studio Solution File, Format Version 12.00
# Visual Studio Version 17
VisualStudioVersion = 17.5.002.0
MinimumVisualStudioVersion = 10.0.40219.1
Project("{9A19103F-16F7-4668-BE54-9A1E7A4F7556}") = "Task_66", "Task_66.csproj", "{39245AEA-A850-436E-9202-35C7A2680414}"
EndProject
Global
	GlobalSection(SolutionConfigurationPlatforms) = preSolution
		Debug|Any CPU = Debug|Any CPU
		Release|Any CPU = Release|Any CPU
	EndGlobalSection
	GlobalSection(ProjectConfigurationPlatforms) = postSolution
		{39245AEA-A850-436E-9202-35C7A2680414}.Debug|Any CPU.ActiveCfg = Debug|Any CPU
		{39245AEA-A850-436E-9202-35C7A2680414}.Debug|Any CPU.Build.0 = Debug|Any CPU
		{39245AEA-A850-436E-9202-35C7A2680414}.Release|Any CPU.ActiveCfg = Release|Any CPU
		{39245AEA-A850-436E-9202-35C7A2680414}.Release|Any CPU.Build.0 = Release|Any CPU
	EndGlobalSection
	GlobalSection(SolutionProperties) = preSolution
		HideSolutionNode = FALSE
	EndGlobalSection
	GlobalSection(ExtensibilityGlobals) = postSolution
		SolutionGuid = {D1B3E300-B064-4A39-B8D3-BF00C5921689}
	EndGlobalSection
EndGlobal
